<?xml version="1.0" encoding="utf-8"?>
<Project ToolsVersion="4.0" xmlns="http://schemas.microsoft.com/developer/msbuild/2003">
  <ItemGroup>
    <Filter Include="Extras">
      <UniqueIdentifier>{9C934B7C-75A3-0543-B376-262F179EF6BA}</UniqueIdentifier>
    </Filter>
    <Filter Include="Extras\HACD">
      <UniqueIdentifier>{DA6E640D-4ABA-6B48-92EA-4B5470DE2651}</UniqueIdentifier>
    </Filter>
  </ItemGroup>
  <ItemGroup>
    <ClInclude Include="..\..\Extras\HACD\hacdCircularList.h">
      <Filter>Extras\HACD</Filter>
    </ClInclude>
    <ClInclude Include="..\..\Extras\HACD\hacdGraph.h">
      <Filter>Extras\HACD</Filter>
    </ClInclude>
    <ClInclude Include="..\..\Extras\HACD\hacdHACD.h">
      <Filter>Extras\HACD</Filter>
    </ClInclude>
    <ClInclude Include="..\..\Extras\HACD\hacdICHull.h">
      <Filter>Extras\HACD</Filter>
    </ClInclude>
    <ClInclude Include="..\..\Extras\HACD\hacdManifoldMesh.h">
      <Filter>Extras\HACD</Filter>
    </ClInclude>
    <ClInclude Include="..\..\Extras\HACD\hacdVector.h">
      <Filter>Extras\HACD</Filter>
    </ClInclude>
    <ClInclude Include="..\..\Extras\HACD\hacdVersion.h">
      <Filter>Extras\HACD</Filter>
    </ClInclude>
  </ItemGroup>
  <ItemGroup>
    <ClCompile Include="..\..\Extras\HACD\hacdGraph.cpp">
      <Filter>Extras\HACD</Filter>
    </ClCompile>
    <ClCompile Include="..\..\Extras\HACD\hacdHACD.cpp">
      <Filter>Extras\HACD</Filter>
    </ClCompile>
    <ClCompile Include="..\..\Extras\HACD\hacdICHull.cpp">
      <Filter>Extras\HACD</Filter>
    </ClCompile>
    <ClCompile Include="..\..\Extras\HACD\hacdManifoldMesh.cpp">
      <Filter>Extras\HACD</Filter>
    </ClCompile>
  </ItemGroup>
</Project>
